{
  "name": "erp_logistica",
  "version": "1.0.0",
  "lockfileVersion": 3,
  "requires": true,
  "packages": {
    "": {
      "name": "erp_logistica",
      "version": "1.0.0",
      "license": "ISC",
      "dependencies": {
        "react-international-phone": "^4.8.0"
      }
    },
    "node_modules/react": {
      "version": "19.2.4",
      "resolved": "https://registry.npmjs.org/react/-/react-19.2.4.tgz",
      "integrity": "sha512-9nfp2hYpCwOjAN+8TZFGhtWEwgvWHXqESH8qT89AT/lWklpLON22Lc8pEtnpsZz7VmawabSU0gCjnj8aC0euHQ==",
      "license": "MIT",
      "peer": true,
      "engines": {
        "node": ">=0.10.0"
      }
    },
    "node_modules/react-international-phone": {
      "version": "4.8.0",
      "resolved": "https://registry.npmjs.org/react-international-phone/-/react-international-phone-4.8.0.tgz",
      "integrity": "sha512-PoyXx8t0OZNZXLupZN5UtmLb8nO6PQ6f6jQvYCAtg7VzxonuBcDs/4YA4+flqZZj5QOVqN4DLY1p39mEtJAwzw==",
      "license": "MIT",
      "peerDependencies": {
        "react": "^16.8.0 || ^17.0.0 || ^18.0.0 || ^19.0.0"
      }
    }
  }
}
